
Microsoft Visual Studio Solution File, Format Version 12.00
# Visual Studio 15
VisualStudioVersion = 15.0.28307.438
MinimumVisualStudioVersion = 10.0.40219.1
Project("{FAE04EC0-301F-11D3-BF4B-00C04F79EFBC}") = "Witchcraft and Wizardry", "Witchcraft and Wizardry\Witchcraft and Wizardry.csproj", "{CC6B47B7-9ACF-4AE5-A105-0CFF7EA26A8B}"
EndProject
Project("{FAE04EC0-301F-11D3-BF4B-00C04F79EFBC}") = "Library", "Library\Library.csproj", "{C059C716-C54E-4060-B00D-BADF289760D8}"
EndProject
Global
	GlobalSection(SolutionConfigurationPlatforms) = preSolution
		Debug|Any CPU = Debug|Any CPU
		Release|Any CPU = Release|Any CPU
	EndGlobalSection
	GlobalSection(ProjectConfigurationPlatforms) = postSolution
		{CC6B47B7-9ACF-4AE5-A105-0CFF7EA26A8B}.Debug|Any CPU.ActiveCfg = Debug|Any CPU
		{CC6B47B7-9ACF-4AE5-A105-0CFF7EA26A8B}.Debug|Any CPU.Build.0 = Debug|Any CPU
		{CC6B47B7-9ACF-4AE5-A105-0CFF7EA26A8B}.Release|Any CPU.ActiveCfg = Release|Any CPU
		{CC6B47B7-9ACF-4AE5-A105-0CFF7EA26A8B}.Release|Any CPU.Build.0 = Release|Any CPU
		{C059C716-C54E-4060-B00D-BADF289760D8}.Debug|Any CPU.ActiveCfg = Debug|Any CPU
		{C059C716-C54E-4060-B00D-BADF289760D8}.Debug|Any CPU.Build.0 = Debug|Any CPU
		{C059C716-C54E-4060-B00D-BADF289760D8}.Release|Any CPU.ActiveCfg = Release|Any CPU
		{C059C716-C54E-4060-B00D-BADF289760D8}.Release|Any CPU.Build.0 = Release|Any CPU
	EndGlobalSection
	GlobalSection(SolutionProperties) = preSolution
		HideSolutionNode = FALSE
	EndGlobalSection
	GlobalSection(ExtensibilityGlobals) = postSolution
		SolutionGuid = {17AB3C46-B83E-4AC3-8450-108154730BF2}
	EndGlobalSection
EndGlobal
