
Microsoft Visual Studio Solution File, Format Version 12.00
# Visual Studio 15
VisualStudioVersion = 15.0.28010.2041
MinimumVisualStudioVersion = 10.0.40219.1
Project("{FAE04EC0-301F-11D3-BF4B-00C04F79EFBC}") = "Class5App", "Class5App\Class5App.csproj", "{7B17F86C-9DCF-45C3-84A5-C66D262DF5A2}"
EndProject
Global
	GlobalSection(SolutionConfigurationPlatforms) = preSolution
		Debug|Any CPU = Debug|Any CPU
		Release|Any CPU = Release|Any CPU
	EndGlobalSection
	GlobalSection(ProjectConfigurationPlatforms) = postSolution
		{7B17F86C-9DCF-45C3-84A5-C66D262DF5A2}.Debug|Any CPU.ActiveCfg = Debug|Any CPU
		{7B17F86C-9DCF-45C3-84A5-C66D262DF5A2}.Debug|Any CPU.Build.0 = Debug|Any CPU
		{7B17F86C-9DCF-45C3-84A5-C66D262DF5A2}.Release|Any CPU.ActiveCfg = Release|Any CPU
		{7B17F86C-9DCF-45C3-84A5-C66D262DF5A2}.Release|Any CPU.Build.0 = Release|Any CPU
	EndGlobalSection
	GlobalSection(SolutionProperties) = preSolution
		HideSolutionNode = FALSE
	EndGlobalSection
	GlobalSection(ExtensibilityGlobals) = postSolution
		SolutionGuid = {8EB45423-65E2-406A-BE5D-CA6EB5E30862}
	EndGlobalSection
EndGlobal
